
Microsoft Visual Studio Solution File, Format Version 12.00
# Visual Studio Version 17
VisualStudioVersion = 17.11.35431.28
MinimumVisualStudioVersion = 10.0.40219.1
Project("{9A19103F-16F7-4668-BE54-9A1E7A4F7556}") = "aoc.2024.4.2", "aoc.2024.4.2.csproj", "{ECEB2CB7-8740-4CC0-8F89-0B8FF232BB87}"
EndProject
Global
	GlobalSection(SolutionConfigurationPlatforms) = preSolution
		Debug|Any CPU = Debug|Any CPU
		Release|Any CPU = Release|Any CPU
	EndGlobalSection
	GlobalSection(ProjectConfigurationPlatforms) = postSolution
		{ECEB2CB7-8740-4CC0-8F89-0B8FF232BB87}.Debug|Any CPU.ActiveCfg = Debug|Any CPU
		{ECEB2CB7-8740-4CC0-8F89-0B8FF232BB87}.Debug|Any CPU.Build.0 = Debug|Any CPU
		{ECEB2CB7-8740-4CC0-8F89-0B8FF232BB87}.Release|Any CPU.ActiveCfg = Release|Any CPU
		{ECEB2CB7-8740-4CC0-8F89-0B8FF232BB87}.Release|Any CPU.Build.0 = Release|Any CPU
	EndGlobalSection
	GlobalSection(SolutionProperties) = preSolution
		HideSolutionNode = FALSE
	EndGlobalSection
	GlobalSection(ExtensibilityGlobals) = postSolution
		SolutionGuid = {615C5319-267A-4A8A-8B23-4555CB3EE3C7}
	EndGlobalSection
EndGlobal
