
Microsoft Visual Studio Solution File, Format Version 12.00
# Visual Studio Version 17
VisualStudioVersion = 17.11.35431.28
MinimumVisualStudioVersion = 10.0.40219.1
Project("{9A19103F-16F7-4668-BE54-9A1E7A4F7556}") = "aoc.2024.2", "aoc.2024.2.csproj", "{1A707272-2FEB-407B-A34C-0A9E4EF1AF7C}"
EndProject
Global
	GlobalSection(SolutionConfigurationPlatforms) = preSolution
		Debug|Any CPU = Debug|Any CPU
		Release|Any CPU = Release|Any CPU
	EndGlobalSection
	GlobalSection(ProjectConfigurationPlatforms) = postSolution
		{1A707272-2FEB-407B-A34C-0A9E4EF1AF7C}.Debug|Any CPU.ActiveCfg = Debug|Any CPU
		{1A707272-2FEB-407B-A34C-0A9E4EF1AF7C}.Debug|Any CPU.Build.0 = Debug|Any CPU
		{1A707272-2FEB-407B-A34C-0A9E4EF1AF7C}.Release|Any CPU.ActiveCfg = Release|Any CPU
		{1A707272-2FEB-407B-A34C-0A9E4EF1AF7C}.Release|Any CPU.Build.0 = Release|Any CPU
	EndGlobalSection
	GlobalSection(SolutionProperties) = preSolution
		HideSolutionNode = FALSE
	EndGlobalSection
	GlobalSection(ExtensibilityGlobals) = postSolution
		SolutionGuid = {FCB5EEFD-5A46-4F1B-B0C7-9097F0A11585}
	EndGlobalSection
EndGlobal
